// !$*UTF8*$!
{
	archiveVersion = 1;
	classes = {
	};
	objectVersion = 48;
	objects = {

/* Begin PBXBuildFile section */
		4A03F760200ECB120066EA42 /* Vehicle.swift in Sources */ = {isa = PBXBuildFile; fileRef = 4A03F75F200ECB120066EA42 /* Vehicle.swift */; };
		4A03F762200F0D910066EA42 /* Person.swift in Sources */ = {isa = PBXBuildFile; fileRef = 4A03F761200F0D910066EA42 /* Person.swift */; };
		4A03F764200F10C20066EA42 /* Starship.swift in Sources */ = {isa = PBXBuildFile; fileRef = 4A03F763200F10C20066EA42 /* Starship.swift */; };
		4A03F767200F11240066EA42 /* Transport.swift in Sources */ = {isa = PBXBuildFile; fileRef = 4A03F766200F11240066EA42 /* Transport.swift */; };
		4A03F76C200F19A10066EA42 /* JSONDownloader.swift in Sources */ = {isa = PBXBuildFile; fileRef = 4A03F76B200F19A10066EA42 /* JSONDownloader.swift */; };
		4A03F76E200F19C90066EA42 /* JSONError.swift in Sources */ = {isa = PBXBuildFile; fileRef = 4A03F76D200F19C90066EA42 /* JSONError.swift */; };
		4AAA5A14200F1D2600320613 /* SWAPIClient.swift in Sources */ = {isa = PBXBuildFile; fileRef = 4AAA5A13200F1D2600320613 /* SWAPIClient.swift */; };
		4AAA5A17200F1D7B00320613 /* Endpoint.swift in Sources */ = {isa = PBXBuildFile; fileRef = 4AAA5A16200F1D7B00320613 /* Endpoint.swift */; };
		4AAA5A19200F1DB900320613 /* SWAPIEndpoint.swift in Sources */ = {isa = PBXBuildFile; fileRef = 4AAA5A18200F1DB900320613 /* SWAPIEndpoint.swift */; };
		4AAB9F2A2016889600981054 /* TransportMapping.swift in Sources */ = {isa = PBXBuildFile; fileRef = 4AAB9F292016889600981054 /* TransportMapping.swift */; };
		4AAB9F2C201693A800981054 /* CharacterMapping.swift in Sources */ = {isa = PBXBuildFile; fileRef = 4AAB9F2B201693A800981054 /* CharacterMapping.swift */; };
		4AAB9F2E201707DB00981054 /* Unit.swift in Sources */ = {isa = PBXBuildFile; fileRef = 4AAB9F2D201707DB00981054 /* Unit.swift */; };
		4AC2E0AE200FB93500976193 /* DataProvider.swift in Sources */ = {isa = PBXBuildFile; fileRef = 4AC2E0AD200FB93500976193 /* DataProvider.swift */; };
		4AC2E0B0200FB9E400976193 /* Model.swift in Sources */ = {isa = PBXBuildFile; fileRef = 4AC2E0AF200FB9E400976193 /* Model.swift */; };
		4AC2E0B320105E1800976193 /* DataViewController.swift in Sources */ = {isa = PBXBuildFile; fileRef = 4AC2E0B220105E1800976193 /* DataViewController.swift */; };
		4AC2E0B6201063F500976193 /* DataViewDataSource.swift in Sources */ = {isa = PBXBuildFile; fileRef = 4AC2E0B5201063F500976193 /* DataViewDataSource.swift */; };
		4AC2EBFD200ECA4500394A37 /* AppDelegate.swift in Sources */ = {isa = PBXBuildFile; fileRef = 4AC2EBFC200ECA4500394A37 /* AppDelegate.swift */; };
		4AC2EBFF200ECA4500394A37 /* ViewController.swift in Sources */ = {isa = PBXBuildFile; fileRef = 4AC2EBFE200ECA4500394A37 /* ViewController.swift */; };
		4AC2EC02200ECA4500394A37 /* Main.storyboard in Resources */ = {isa = PBXBuildFile; fileRef = 4AC2EC00200ECA4500394A37 /* Main.storyboard */; };
		4AC2EC04200ECA4500394A37 /* Assets.xcassets in Resources */ = {isa = PBXBuildFile; fileRef = 4AC2EC03200ECA4500394A37 /* Assets.xcassets */; };
		4AC2EC07200ECA4500394A37 /* LaunchScreen.storyboard in Resources */ = {isa = PBXBuildFile; fileRef = 4AC2EC05200ECA4500394A37 /* LaunchScreen.storyboard */; };
/* End PBXBuildFile section */

/* Begin PBXFileReference section */
		4A03F75F200ECB120066EA42 /* Vehicle.swift */ = {isa = PBXFileReference; lastKnownFileType = sourcecode.swift; path = Vehicle.swift; sourceTree = "<group>"; };
		4A03F761200F0D910066EA42 /* Person.swift */ = {isa = PBXFileReference; lastKnownFileType = sourcecode.swift; path = Person.swift; sourceTree = "<group>"; };
		4A03F763200F10C20066EA42 /* Starship.swift */ = {isa = PBXFileReference; lastKnownFileType = sourcecode.swift; path = Starship.swift; sourceTree = "<group>"; };
		4A03F766200F11240066EA42 /* Transport.swift */ = {isa = PBXFileReference; lastKnownFileType = sourcecode.swift; path = Transport.swift; sourceTree = "<group>"; };
		4A03F76B200F19A10066EA42 /* JSONDownloader.swift */ = {isa = PBXFileReference; lastKnownFileType = sourcecode.swift; path = JSONDownloader.swift; sourceTree = "<group>"; };
		4A03F76D200F19C90066EA42 /* JSONError.swift */ = {isa = PBXFileReference; lastKnownFileType = sourcecode.swift; path = JSONError.swift; sourceTree = "<group>"; };
		4AAA5A13200F1D2600320613 /* SWAPIClient.swift */ = {isa = PBXFileReference; lastKnownFileType = sourcecode.swift; path = SWAPIClient.swift; sourceTree = "<group>"; };
		4AAA5A16200F1D7B00320613 /* Endpoint.swift */ = {isa = PBXFileReference; lastKnownFileType = sourcecode.swift; path = Endpoint.swift; sourceTree = "<group>"; };
		4AAA5A18200F1DB900320613 /* SWAPIEndpoint.swift */ = {isa = PBXFileReference; lastKnownFileType = sourcecode.swift; path = SWAPIEndpoint.swift; sourceTree = "<group>"; };
		4AAB9F292016889600981054 /* TransportMapping.swift */ = {isa = PBXFileReference; lastKnownFileType = sourcecode.swift; path = TransportMapping.swift; sourceTree = "<group>"; };
		4AAB9F2B201693A800981054 /* CharacterMapping.swift */ = {isa = PBXFileReference; lastKnownFileType = sourcecode.swift; path = CharacterMapping.swift; sourceTree = "<group>"; };
		4AAB9F2D201707DB00981054 /* Unit.swift */ = {isa = PBXFileReference; lastKnownFileType = sourcecode.swift; path = Unit.swift; sourceTree = "<group>"; };
		4AC2E0AD200FB93500976193 /* DataProvider.swift */ = {isa = PBXFileReference; lastKnownFileType = sourcecode.swift; path = DataProvider.swift; sourceTree = "<group>"; };
		4AC2E0AF200FB9E400976193 /* Model.swift */ = {isa = PBXFileReference; lastKnownFileType = sourcecode.swift; path = Model.swift; sourceTree = "<group>"; };
		4AC2E0B220105E1800976193 /* DataViewController.swift */ = {isa = PBXFileReference; lastKnownFileType = sourcecode.swift; path = DataViewController.swift; sourceTree = "<group>"; };
		4AC2E0B5201063F500976193 /* DataViewDataSource.swift */ = {isa = PBXFileReference; lastKnownFileType = sourcecode.swift; path = DataViewDataSource.swift; sourceTree = "<group>"; };
		4AC2EBF9200ECA4500394A37 /* StarWars.app */ = {isa = PBXFileReference; explicitFileType = wrapper.application; includeInIndex = 0; path = StarWars.app; sourceTree = BUILT_PRODUCTS_DIR; };
		4AC2EBFC200ECA4500394A37 /* AppDelegate.swift */ = {isa = PBXFileReference; lastKnownFileType = sourcecode.swift; path = AppDelegate.swift; sourceTree = "<group>"; };
		4AC2EBFE200ECA4500394A37 /* ViewController.swift */ = {isa = PBXFileReference; lastKnownFileType = sourcecode.swift; path = ViewController.swift; sourceTree = "<group>"; };
		4AC2EC01200ECA4500394A37 /* Base */ = {isa = PBXFileReference; lastKnownFileType = file.storyboard; name = Base; path = Base.lproj/Main.storyboard; sourceTree = "<group>"; };
		4AC2EC03200ECA4500394A37 /* Assets.xcassets */ = {isa = PBXFileReference; lastKnownFileType = folder.assetcatalog; path = Assets.xcassets; sourceTree = "<group>"; };
		4AC2EC06200ECA4500394A37 /* Base */ = {isa = PBXFileReference; lastKnownFileType = file.storyboard; name = Base; path = Base.lproj/LaunchScreen.storyboard; sourceTree = "<group>"; };
		4AC2EC08200ECA4500394A37 /* Info.plist */ = {isa = PBXFileReference; lastKnownFileType = text.plist.xml; path = Info.plist; sourceTree = "<group>"; };
/* End PBXFileReference section */

/* Begin PBXFrameworksBuildPhase section */
		4AC2EBF6200ECA4500394A37 /* Frameworks */ = {
			isa = PBXFrameworksBuildPhase;
			buildActionMask = 2147483647;
			files = (
			);
			runOnlyForDeploymentPostprocessing = 0;
		};
/* End PBXFrameworksBuildPhase section */

/* Begin PBXGroup section */
		4A03F75E200ECAFD0066EA42 /* Models */ = {
			isa = PBXGroup;
			children = (
				4A03F765200F11180066EA42 /* Transport */,
				4AC2E0AF200FB9E400976193 /* Model.swift */,
				4A03F761200F0D910066EA42 /* Person.swift */,
				4AAB9F2D201707DB00981054 /* Unit.swift */,
			);
			path = Models;
			sourceTree = "<group>";
		};
		4A03F765200F11180066EA42 /* Transport */ = {
			isa = PBXGroup;
			children = (
				4A03F766200F11240066EA42 /* Transport.swift */,
				4A03F75F200ECB120066EA42 /* Vehicle.swift */,
				4A03F763200F10C20066EA42 /* Starship.swift */,
			);
			path = Transport;
			sourceTree = "<group>";
		};
		4A03F768200F15DC0066EA42 /* Storyboards */ = {
			isa = PBXGroup;
			children = (
				4AC2EC00200ECA4500394A37 /* Main.storyboard */,
				4AC2EC05200ECA4500394A37 /* LaunchScreen.storyboard */,
			);
			path = Storyboards;
			sourceTree = "<group>";
		};
		4A03F769200F15FE0066EA42 /* ViewControllers */ = {
			isa = PBXGroup;
			children = (
				4AC2E0B4201063DD00976193 /* DataView */,
				4AC2EBFE200ECA4500394A37 /* ViewController.swift */,
			);
			path = ViewControllers;
			sourceTree = "<group>";
		};
		4A03F76A200F17EC0066EA42 /* Networking */ = {
			isa = PBXGroup;
			children = (
				4AAA5A15200F1D7100320613 /* Endpoint */,
				4AAA5A12200F1D1600320613 /* SWAPI */,
				4A03F76B200F19A10066EA42 /* JSONDownloader.swift */,
				4A03F76D200F19C90066EA42 /* JSONError.swift */,
			);
			path = Networking;
			sourceTree = "<group>";
		};
		4AAA5A12200F1D1600320613 /* SWAPI */ = {
			isa = PBXGroup;
			children = (
				4AAA5A13200F1D2600320613 /* SWAPIClient.swift */,
			);
			path = SWAPI;
			sourceTree = "<group>";
		};
		4AAA5A15200F1D7100320613 /* Endpoint */ = {
			isa = PBXGroup;
			children = (
				4AAA5A16200F1D7B00320613 /* Endpoint.swift */,
				4AAA5A18200F1DB900320613 /* SWAPIEndpoint.swift */,
			);
			path = Endpoint;
			sourceTree = "<group>";
		};
		4AAB9F262016823900981054 /* ViewModels */ = {
			isa = PBXGroup;
			children = (
				4AAB9F272016824800981054 /* Vehicles */,
			);
			path = ViewModels;
			sourceTree = "<group>";
		};
		4AAB9F272016824800981054 /* Vehicles */ = {
			isa = PBXGroup;
			children = (
			);
			path = Vehicles;
			sourceTree = "<group>";
		};
		4AAB9F282016886600981054 /* Mapping */ = {
			isa = PBXGroup;
			children = (
				4AAB9F2B201693A800981054 /* CharacterMapping.swift */,
				4AAB9F292016889600981054 /* TransportMapping.swift */,
			);
			path = Mapping;
			sourceTree = "<group>";
		};
		4AC2E0AC200FB92100976193 /* Data */ = {
			isa = PBXGroup;
			children = (
				4AC2E0AD200FB93500976193 /* DataProvider.swift */,
			);
			path = Data;
			sourceTree = "<group>";
		};
		4AC2E0B4201063DD00976193 /* DataView */ = {
			isa = PBXGroup;
			children = (
				4AC2E0B220105E1800976193 /* DataViewController.swift */,
				4AC2E0B5201063F500976193 /* DataViewDataSource.swift */,
			);
			path = DataView;
			sourceTree = "<group>";
		};
		4AC2EBF0200ECA4500394A37 = {
			isa = PBXGroup;
			children = (
				4AC2EBFB200ECA4500394A37 /* StarWars */,
				4AC2EBFA200ECA4500394A37 /* Products */,
			);
			sourceTree = "<group>";
		};
		4AC2EBFA200ECA4500394A37 /* Products */ = {
			isa = PBXGroup;
			children = (
				4AC2EBF9200ECA4500394A37 /* StarWars.app */,
			);
			name = Products;
			sourceTree = "<group>";
		};
		4AC2EBFB200ECA4500394A37 /* StarWars */ = {
			isa = PBXGroup;
			children = (
				4AC2EC03200ECA4500394A37 /* Assets.xcassets */,
				4AC2E0AC200FB92100976193 /* Data */,
				4AAB9F282016886600981054 /* Mapping */,
				4A03F75E200ECAFD0066EA42 /* Models */,
				4A03F76A200F17EC0066EA42 /* Networking */,
				4A03F768200F15DC0066EA42 /* Storyboards */,
				4A03F769200F15FE0066EA42 /* ViewControllers */,
				4AAB9F262016823900981054 /* ViewModels */,
				4AC2EBFC200ECA4500394A37 /* AppDelegate.swift */,
				4AC2EC08200ECA4500394A37 /* Info.plist */,
			);
			path = StarWars;
			sourceTree = "<group>";
		};
/* End PBXGroup section */

/* Begin PBXNativeTarget section */
		4AC2EBF8200ECA4500394A37 /* StarWars */ = {
			isa = PBXNativeTarget;
			buildConfigurationList = 4AC2EC0B200ECA4500394A37 /* Build configuration list for PBXNativeTarget "StarWars" */;
			buildPhases = (
				4AC2EBF5200ECA4500394A37 /* Sources */,
				4AC2EBF6200ECA4500394A37 /* Frameworks */,
				4AC2EBF7200ECA4500394A37 /* Resources */,
			);
			buildRules = (
			);
			dependencies = (
			);
			name = StarWars;
			productName = StarWars;
			productReference = 4AC2EBF9200ECA4500394A37 /* StarWars.app */;
			productType = "com.apple.product-type.application";
		};
/* End PBXNativeTarget section */

/* Begin PBXProject section */
		4AC2EBF1200ECA4500394A37 /* Project object */ = {
			isa = PBXProject;
			attributes = {
				LastSwiftUpdateCheck = 0920;
				LastUpgradeCheck = 0920;
				ORGANIZATIONNAME = "Mohammed Al-Dahleh";
				TargetAttributes = {
					4AC2EBF8200ECA4500394A37 = {
						CreatedOnToolsVersion = 9.2;
						ProvisioningStyle = Automatic;
					};
				};
			};
			buildConfigurationList = 4AC2EBF4200ECA4500394A37 /* Build configuration list for PBXProject "StarWars" */;
			compatibilityVersion = "Xcode 8.0";
			developmentRegion = en;
			hasScannedForEncodings = 0;
			knownRegions = (
				en,
				Base,
			);
			mainGroup = 4AC2EBF0200ECA4500394A37;
			productRefGroup = 4AC2EBFA200ECA4500394A37 /* Products */;
			projectDirPath = "";
			projectRoot = "";
			targets = (
				4AC2EBF8200ECA4500394A37 /* StarWars */,
			);
		};
/* End PBXProject section */

/* Begin PBXResourcesBuildPhase section */
		4AC2EBF7200ECA4500394A37 /* Resources */ = {
			isa = PBXResourcesBuildPhase;
			buildActionMask = 2147483647;
			files = (
				4AC2EC07200ECA4500394A37 /* LaunchScreen.storyboard in Resources */,
				4AC2EC04200ECA4500394A37 /* Assets.xcassets in Resources */,
				4AC2EC02200ECA4500394A37 /* Main.storyboard in Resources */,
			);
			runOnlyForDeploymentPostprocessing = 0;
		};
/* End PBXResourcesBuildPhase section */

/* Begin PBXSourcesBuildPhase section */
		4AC2EBF5200ECA4500394A37 /* Sources */ = {
			isa = PBXSourcesBuildPhase;
			buildActionMask = 2147483647;
			files = (
				4A03F76C200F19A10066EA42 /* JSONDownloader.swift in Sources */,
				4A03F760200ECB120066EA42 /* Vehicle.swift in Sources */,
				4AAB9F2C201693A800981054 /* CharacterMapping.swift in Sources */,
				4AAB9F2E201707DB00981054 /* Unit.swift in Sources */,
				4A03F767200F11240066EA42 /* Transport.swift in Sources */,
				4A03F764200F10C20066EA42 /* Starship.swift in Sources */,
				4AAB9F2A2016889600981054 /* TransportMapping.swift in Sources */,
				4AC2E0B6201063F500976193 /* DataViewDataSource.swift in Sources */,
				4AAA5A19200F1DB900320613 /* SWAPIEndpoint.swift in Sources */,
				4AAA5A17200F1D7B00320613 /* Endpoint.swift in Sources */,
				4AC2E0B0200FB9E400976193 /* Model.swift in Sources */,
				4AC2E0AE200FB93500976193 /* DataProvider.swift in Sources */,
				4AC2E0B320105E1800976193 /* DataViewController.swift in Sources */,
				4AC2EBFF200ECA4500394A37 /* ViewController.swift in Sources */,
				4A03F762200F0D910066EA42 /* Person.swift in Sources */,
				4A03F76E200F19C90066EA42 /* JSONError.swift in Sources */,
				4AAA5A14200F1D2600320613 /* SWAPIClient.swift in Sources */,
				4AC2EBFD200ECA4500394A37 /* AppDelegate.swift in Sources */,
			);
			runOnlyForDeploymentPostprocessing = 0;
		};
/* End PBXSourcesBuildPhase section */

/* Begin PBXVariantGroup section */
		4AC2EC00200ECA4500394A37 /* Main.storyboard */ = {
			isa = PBXVariantGroup;
			children = (
				4AC2EC01200ECA4500394A37 /* Base */,
			);
			name = Main.storyboard;
			sourceTree = "<group>";
		};
		4AC2EC05200ECA4500394A37 /* LaunchScreen.storyboard */ = {
			isa = PBXVariantGroup;
			children = (
				4AC2EC06200ECA4500394A37 /* Base */,
			);
			name = LaunchScreen.storyboard;
			sourceTree = "<group>";
		};
/* End PBXVariantGroup section */

/* Begin XCBuildConfiguration section */
		4AC2EC09200ECA4500394A37 /* Debug */ = {
			isa = XCBuildConfiguration;
			buildSettings = {
				ALWAYS_SEARCH_USER_PATHS = NO;
				CLANG_ANALYZER_NONNULL = YES;
				CLANG_ANALYZER_NUMBER_OBJECT_CONVERSION = YES_AGGRESSIVE;
				CLANG_CXX_LANGUAGE_STANDARD = "gnu++14";
				CLANG_CXX_LIBRARY = "libc++";
				CLANG_ENABLE_MODULES = YES;
				CLANG_ENABLE_OBJC_ARC = YES;
				CLANG_WARN_BLOCK_CAPTURE_AUTORELEASING = YES;
				CLANG_WARN_BOOL_CONVERSION = YES;
				CLANG_WARN_COMMA = YES;
				CLANG_WARN_CONSTANT_CONVERSION = YES;
				CLANG_WARN_DIRECT_OBJC_ISA_USAGE = YES_ERROR;
				CLANG_WARN_DOCUMENTATION_COMMENTS = YES;
				CLANG_WARN_EMPTY_BODY = YES;
				CLANG_WARN_ENUM_CONVERSION = YES;
				CLANG_WARN_INFINITE_RECURSION = YES;
				CLANG_WARN_INT_CONVERSION = YES;
				CLANG_WARN_NON_LITERAL_NULL_CONVERSION = YES;
				CLANG_WARN_OBJC_LITERAL_CONVERSION = YES;
				CLANG_WARN_OBJC_ROOT_CLASS = YES_ERROR;
				CLANG_WARN_RANGE_LOOP_ANALYSIS = YES;
				CLANG_WARN_STRICT_PROTOTYPES = YES;
				CLANG_WARN_SUSPICIOUS_MOVE = YES;
				CLANG_WARN_UNGUARDED_AVAILABILITY = YES_AGGRESSIVE;
				CLANG_WARN_UNREACHABLE_CODE = YES;
				CLANG_WARN__DUPLICATE_METHOD_MATCH = YES;
				CODE_SIGN_IDENTITY = "iPhone Developer";
				COPY_PHASE_STRIP = NO;
				DEBUG_INFORMATION_FORMAT = dwarf;
				ENABLE_STRICT_OBJC_MSGSEND = YES;
				ENABLE_TESTABILITY = YES;
				GCC_C_LANGUAGE_STANDARD = gnu11;
				GCC_DYNAMIC_NO_PIC = NO;
				GCC_NO_COMMON_BLOCKS = YES;
				GCC_OPTIMIZATION_LEVEL = 0;
				GCC_PREPROCESSOR_DEFINITIONS = (
					"DEBUG=1",
					"$(inherited)",
				);
				GCC_WARN_64_TO_32_BIT_CONVERSION = YES;
				GCC_WARN_ABOUT_RETURN_TYPE = YES_ERROR;
				GCC_WARN_UNDECLARED_SELECTOR = YES;
				GCC_WARN_UNINITIALIZED_AUTOS = YES_AGGRESSIVE;
				GCC_WARN_UNUSED_FUNCTION = YES;
				GCC_WARN_UNUSED_VARIABLE = YES;
				IPHONEOS_DEPLOYMENT_TARGET = 11.2;
				MTL_ENABLE_DEBUG_INFO = YES;
				ONLY_ACTIVE_ARCH = YES;
				SDKROOT = iphoneos;
				SWIFT_ACTIVE_COMPILATION_CONDITIONS = DEBUG;
				SWIFT_OPTIMIZATION_LEVEL = "-Onone";
			};
			name = Debug;
		};
		4AC2EC0A200ECA4500394A37 /* Release */ = {
			isa = XCBuildConfiguration;
			buildSettings = {
				ALWAYS_SEARCH_USER_PATHS = NO;
				CLANG_ANALYZER_NONNULL = YES;
				CLANG_ANALYZER_NUMBER_OBJECT_CONVERSION = YES_AGGRESSIVE;
				CLANG_CXX_LANGUAGE_STANDARD = "gnu++14";
				CLANG_CXX_LIBRARY = "libc++";
				CLANG_ENABLE_MODULES = YES;
				CLANG_ENABLE_OBJC_ARC = YES;
				CLANG_WARN_BLOCK_CAPTURE_AUTORELEASING = YES;
				CLANG_WARN_BOOL_CONVERSION = YES;
				CLANG_WARN_COMMA = YES;
				CLANG_WARN_CONSTANT_CONVERSION = YES;
				CLANG_WARN_DIRECT_OBJC_ISA_USAGE = YES_ERROR;
				CLANG_WARN_DOCUMENTATION_COMMENTS = YES;
				CLANG_WARN_EMPTY_BODY = YES;
				CLANG_WARN_ENUM_CONVERSION = YES;
				CLANG_WARN_INFINITE_RECURSION = YES;
				CLANG_WARN_INT_CONVERSION = YES;
				CLANG_WARN_NON_LITERAL_NULL_CONVERSION = YES;
				CLANG_WARN_OBJC_LITERAL_CONVERSION = YES;
				CLANG_WARN_OBJC_ROOT_CLASS = YES_ERROR;
				CLANG_WARN_RANGE_LOOP_ANALYSIS = YES;
				CLANG_WARN_STRICT_PROTOTYPES = YES;
				CLANG_WARN_SUSPICIOUS_MOVE = YES;
				CLANG_WARN_UNGUARDED_AVAILABILITY = YES_AGGRESSIVE;
				CLANG_WARN_UNREACHABLE_CODE = YES;
				CLANG_WARN__DUPLICATE_METHOD_MATCH = YES;
				CODE_SIGN_IDENTITY = "iPhone Developer";
				COPY_PHASE_STRIP = NO;
				DEBUG_INFORMATION_FORMAT = "dwarf-with-dsym";
				ENABLE_NS_ASSERTIONS = NO;
				ENABLE_STRICT_OBJC_MSGSEND = YES;
				GCC_C_LANGUAGE_STANDARD = gnu11;
				GCC_NO_COMMON_BLOCKS = YES;
				GCC_WARN_64_TO_32_BIT_CONVERSION = YES;
				GCC_WARN_ABOUT_RETURN_TYPE = YES_ERROR;
				GCC_WARN_UNDECLARED_SELECTOR = YES;
				GCC_WARN_UNINITIALIZED_AUTOS = YES_AGGRESSIVE;
				GCC_WARN_UNUSED_FUNCTION = YES;
				GCC_WARN_UNUSED_VARIABLE = YES;
				IPHONEOS_DEPLOYMENT_TARGET = 11.2;
				MTL_ENABLE_DEBUG_INFO = NO;
				SDKROOT = iphoneos;
				SWIFT_OPTIMIZATION_LEVEL = "-Owholemodule";
				VALIDATE_PRODUCT = YES;
			};
			name = Release;
		};
		4AC2EC0C200ECA4500394A37 /* Debug */ = {
			isa = XCBuildConfiguration;
			buildSettings = {
				ASSETCATALOG_COMPILER_APPICON_NAME = AppIcon;
				CODE_SIGN_STYLE = Automatic;
				INFOPLIST_FILE = StarWars/Info.plist;
				LD_RUNPATH_SEARCH_PATHS = "$(inherited) @executable_path/Frameworks";
				PRODUCT_BUNDLE_IDENTIFIER = io.maldahleh.StarWars;
				PRODUCT_NAME = "$(TARGET_NAME)";
				SWIFT_VERSION = 4.0;
				TARGETED_DEVICE_FAMILY = "1,2";
			};
			name = Debug;
		};
		4AC2EC0D200ECA4500394A37 /* Release */ = {
			isa = XCBuildConfiguration;
			buildSettings = {
				ASSETCATALOG_COMPILER_APPICON_NAME = AppIcon;
				CODE_SIGN_STYLE = Automatic;
				INFOPLIST_FILE = StarWars/Info.plist;
				LD_RUNPATH_SEARCH_PATHS = "$(inherited) @executable_path/Frameworks";
				PRODUCT_BUNDLE_IDENTIFIER = io.maldahleh.StarWars;
				PRODUCT_NAME = "$(TARGET_NAME)";
				SWIFT_VERSION = 4.0;
				TARGETED_DEVICE_FAMILY = "1,2";
			};
			name = Release;
		};
/* End XCBuildConfiguration section */

/* Begin XCConfigurationList section */
		4AC2EBF4200ECA4500394A37 /* Build configuration list for PBXProject "StarWars" */ = {
			isa = XCConfigurationList;
			buildConfigurations = (
				4AC2EC09200ECA4500394A37 /* Debug */,
				4AC2EC0A200ECA4500394A37 /* Release */,
			);
			defaultConfigurationIsVisible = 0;
			defaultConfigurationName = Release;
		};
		4AC2EC0B200ECA4500394A37 /* Build configuration list for PBXNativeTarget "StarWars" */ = {
			isa = XCConfigurationList;
			buildConfigurations = (
				4AC2EC0C200ECA4500394A37 /* Debug */,
				4AC2EC0D200ECA4500394A37 /* Release */,
			);
			defaultConfigurationIsVisible = 0;
			defaultConfigurationName = Release;
		};
/* End XCConfigurationList section */
	};
	rootObject = 4AC2EBF1200ECA4500394A37 /* Project object */;
}
